<Solution>
  <Folder Name="/section4-setup/">
    <File Path="section4-setup\README.md" />
    <Project Path="section4-setup/HelloAgent/HelloAgent.csproj" />
  </Folder>
  <Folder Name="/section5-getting-started/">
    <Project Path="section5-getting-started/BasicAgentApp/BasicAgentApp.csproj" />
    <Project Path="section5-getting-started/Streaming/Streaming.csproj" />
  </Folder>
  <Folder Name="/shared/">
    <Project Path="shared/Shared/Shared.csproj" />
  </Folder>
</Solution>
